
Microsoft Visual Studio Solution File, Format Version 12.00
# Visual Studio 15
VisualStudioVersion = 15.0.27703.2042
MinimumVisualStudioVersion = 10.0.40219.1
Project("{FAE04EC0-301F-11D3-BF4B-00C04F79EFBC}") = "testeGit", "testeGit\testeGit.csproj", "{A8C3D70A-3233-44C4-9A79-B0F3279570B8}"
EndProject
Global
	GlobalSection(SolutionConfigurationPlatforms) = preSolution
		Debug|Any CPU = Debug|Any CPU
		Release|Any CPU = Release|Any CPU
	EndGlobalSection
	GlobalSection(ProjectConfigurationPlatforms) = postSolution
		{A8C3D70A-3233-44C4-9A79-B0F3279570B8}.Debug|Any CPU.ActiveCfg = Debug|Any CPU
		{A8C3D70A-3233-44C4-9A79-B0F3279570B8}.Debug|Any CPU.Build.0 = Debug|Any CPU
		{A8C3D70A-3233-44C4-9A79-B0F3279570B8}.Release|Any CPU.ActiveCfg = Release|Any CPU
		{A8C3D70A-3233-44C4-9A79-B0F3279570B8}.Release|Any CPU.Build.0 = Release|Any CPU
	EndGlobalSection
	GlobalSection(SolutionProperties) = preSolution
		HideSolutionNode = FALSE
	EndGlobalSection
	GlobalSection(ExtensibilityGlobals) = postSolution
		SolutionGuid = {24E3CDB7-3092-45F7-AEEC-182A34E0EF90}
	EndGlobalSection
EndGlobal
